
Microsoft Visual Studio Solution File, Format Version 12.00
# Visual Studio 14
VisualStudioVersion = 14.0.22823.1
MinimumVisualStudioVersion = 10.0.40219.1
Project("{FAE04EC0-301F-11D3-BF4B-00C04F79EFBC}") = "Amido.Net.Http.Formatting.YamlMediaTypeFormatter", "Amido.Net.Http.Formatting.YamlMediaTypeFormatter\Amido.Net.Http.Formatting.YamlMediaTypeFormatter.csproj", "{4C6BC555-04B3-4E58-8615-B5A1C781860E}"
EndProject
Project("{FAE04EC0-301F-11D3-BF4B-00C04F79EFBC}") = "Amido.Net.Http.Formatting.YamlMediaTypeFormatter.Samples", "Amido.Net.Http.Formatting.YamlMediaTypeFormatter.Samples\Amido.Net.Http.Formatting.YamlMediaTypeFormatter.Samples.csproj", "{932BD898-D941-4FD4-AC09-E4EA35E93C39}"
EndProject
Project("{2150E333-8FDC-42A3-9474-1A3956D46DE8}") = "Assembly", "Assembly", "{E44D6EAC-7594-4027-B6C5-5779657E87C4}"
EndProject
Project("{2150E333-8FDC-42A3-9474-1A3956D46DE8}") = "Samples", "Samples", "{78DBC234-16CE-43B3-8749-E599ED4DCD11}"
EndProject
Project("{FAE04EC0-301F-11D3-BF4B-00C04F79EFBC}") = "Amido.Net.Http.Formatting.YamlMediaTypeFormatter.Samples.NetFX4", "Amido.Net.Http.Formatting.YamlMediaTypeFormatter.Samples.NetFX4\Amido.Net.Http.Formatting.YamlMediaTypeFormatter.Samples.NetFX4.csproj", "{26A6FC70-95A1-4A17-9464-985B9D281C48}"
EndProject
Project("{FAE04EC0-301F-11D3-BF4B-00C04F79EFBC}") = "Amido.Net.Http.Formatting.YamlMediaTypeFormatter.Samples.NetFX45", "Amido.Net.Http.Formatting.YamlMediaTypeFormatter.Samples.NetFX45\Amido.Net.Http.Formatting.YamlMediaTypeFormatter.Samples.NetFX45.csproj", "{7F8A5F58-D0E1-428D-AAC5-8A3F7BEF274A}"
EndProject
Project("{FAE04EC0-301F-11D3-BF4B-00C04F79EFBC}") = "Amido.Net.Http.Formatting.YamlMediaTypeFormatter.Samples.NetFX451", "Amido.Net.Http.Formatting.YamlMediaTypeFormatter.Samples.NetFX451\Amido.Net.Http.Formatting.YamlMediaTypeFormatter.Samples.NetFX451.csproj", "{796992B0-E294-4F58-9E2C-07EB64E659DA}"
EndProject
Project("{FAE04EC0-301F-11D3-BF4B-00C04F79EFBC}") = "Amido.Net.Http.Formatting.YamlMediaTypeFormatter.Samples.NetFX452", "Amido.Net.Http.Formatting.YamlMediaTypeFormatter.Samples.NetFX452\Amido.Net.Http.Formatting.YamlMediaTypeFormatter.Samples.NetFX452.csproj", "{6E7440FD-2785-493C-A67A-80AF25BE3357}"
EndProject
Project("{FAE04EC0-301F-11D3-BF4B-00C04F79EFBC}") = "Amido.Net.Http.Formatting.YamlMediaTypeFormatter.Samples.NetFX46", "Amido.Net.Http.Formatting.YamlMediaTypeFormatter.Samples.NetFX46\Amido.Net.Http.Formatting.YamlMediaTypeFormatter.Samples.NetFX46.csproj", "{81DEDA20-6C31-42AD-825F-40853C542DF3}"
EndProject
Project("{2150E333-8FDC-42A3-9474-1A3956D46DE8}") = "Tests", "Tests", "{BB2FEE07-4DBA-44A1-8AC8-810F5117DC15}"
EndProject
Project("{FAE04EC0-301F-11D3-BF4B-00C04F79EFBC}") = "Amido.Net.Http.Formatting.YamlMediaTypeFormatter.Tests", "Amido.Net.Http.Formatting.YamlMediaTypeFormatter.Tests\Amido.Net.Http.Formatting.YamlMediaTypeFormatter.Tests.csproj", "{7710B2BD-20D6-46AF-A30C-D18B3043AD7C}"
EndProject
Global
	GlobalSection(SolutionConfigurationPlatforms) = preSolution
		Debug|Any CPU = Debug|Any CPU
		Release|Any CPU = Release|Any CPU
	EndGlobalSection
	GlobalSection(ProjectConfigurationPlatforms) = postSolution
		{4C6BC555-04B3-4E58-8615-B5A1C781860E}.Debug|Any CPU.ActiveCfg = Debug|Any CPU
		{4C6BC555-04B3-4E58-8615-B5A1C781860E}.Debug|Any CPU.Build.0 = Debug|Any CPU
		{4C6BC555-04B3-4E58-8615-B5A1C781860E}.Release|Any CPU.ActiveCfg = Release|Any CPU
		{4C6BC555-04B3-4E58-8615-B5A1C781860E}.Release|Any CPU.Build.0 = Release|Any CPU
		{932BD898-D941-4FD4-AC09-E4EA35E93C39}.Debug|Any CPU.ActiveCfg = Debug|Any CPU
		{932BD898-D941-4FD4-AC09-E4EA35E93C39}.Debug|Any CPU.Build.0 = Debug|Any CPU
		{932BD898-D941-4FD4-AC09-E4EA35E93C39}.Release|Any CPU.ActiveCfg = Release|Any CPU
		{932BD898-D941-4FD4-AC09-E4EA35E93C39}.Release|Any CPU.Build.0 = Release|Any CPU
		{26A6FC70-95A1-4A17-9464-985B9D281C48}.Debug|Any CPU.ActiveCfg = Debug|Any CPU
		{26A6FC70-95A1-4A17-9464-985B9D281C48}.Debug|Any CPU.Build.0 = Debug|Any CPU
		{26A6FC70-95A1-4A17-9464-985B9D281C48}.Release|Any CPU.ActiveCfg = Release|Any CPU
		{26A6FC70-95A1-4A17-9464-985B9D281C48}.Release|Any CPU.Build.0 = Release|Any CPU
		{7F8A5F58-D0E1-428D-AAC5-8A3F7BEF274A}.Debug|Any CPU.ActiveCfg = Debug|Any CPU
		{7F8A5F58-D0E1-428D-AAC5-8A3F7BEF274A}.Debug|Any CPU.Build.0 = Debug|Any CPU
		{7F8A5F58-D0E1-428D-AAC5-8A3F7BEF274A}.Release|Any CPU.ActiveCfg = Release|Any CPU
		{7F8A5F58-D0E1-428D-AAC5-8A3F7BEF274A}.Release|Any CPU.Build.0 = Release|Any CPU
		{796992B0-E294-4F58-9E2C-07EB64E659DA}.Debug|Any CPU.ActiveCfg = Debug|Any CPU
		{796992B0-E294-4F58-9E2C-07EB64E659DA}.Debug|Any CPU.Build.0 = Debug|Any CPU
		{796992B0-E294-4F58-9E2C-07EB64E659DA}.Release|Any CPU.ActiveCfg = Release|Any CPU
		{796992B0-E294-4F58-9E2C-07EB64E659DA}.Release|Any CPU.Build.0 = Release|Any CPU
		{6E7440FD-2785-493C-A67A-80AF25BE3357}.Debug|Any CPU.ActiveCfg = Debug|Any CPU
		{6E7440FD-2785-493C-A67A-80AF25BE3357}.Debug|Any CPU.Build.0 = Debug|Any CPU
		{6E7440FD-2785-493C-A67A-80AF25BE3357}.Release|Any CPU.ActiveCfg = Release|Any CPU
		{6E7440FD-2785-493C-A67A-80AF25BE3357}.Release|Any CPU.Build.0 = Release|Any CPU
		{81DEDA20-6C31-42AD-825F-40853C542DF3}.Debug|Any CPU.ActiveCfg = Debug|Any CPU
		{81DEDA20-6C31-42AD-825F-40853C542DF3}.Debug|Any CPU.Build.0 = Debug|Any CPU
		{81DEDA20-6C31-42AD-825F-40853C542DF3}.Release|Any CPU.ActiveCfg = Release|Any CPU
		{81DEDA20-6C31-42AD-825F-40853C542DF3}.Release|Any CPU.Build.0 = Release|Any CPU
		{7710B2BD-20D6-46AF-A30C-D18B3043AD7C}.Debug|Any CPU.ActiveCfg = Debug|Any CPU
		{7710B2BD-20D6-46AF-A30C-D18B3043AD7C}.Debug|Any CPU.Build.0 = Debug|Any CPU
		{7710B2BD-20D6-46AF-A30C-D18B3043AD7C}.Release|Any CPU.ActiveCfg = Release|Any CPU
		{7710B2BD-20D6-46AF-A30C-D18B3043AD7C}.Release|Any CPU.Build.0 = Release|Any CPU
	EndGlobalSection
	GlobalSection(SolutionProperties) = preSolution
		HideSolutionNode = FALSE
	EndGlobalSection
	GlobalSection(NestedProjects) = preSolution
		{4C6BC555-04B3-4E58-8615-B5A1C781860E} = {E44D6EAC-7594-4027-B6C5-5779657E87C4}
		{932BD898-D941-4FD4-AC09-E4EA35E93C39} = {78DBC234-16CE-43B3-8749-E599ED4DCD11}
		{26A6FC70-95A1-4A17-9464-985B9D281C48} = {78DBC234-16CE-43B3-8749-E599ED4DCD11}
		{7F8A5F58-D0E1-428D-AAC5-8A3F7BEF274A} = {78DBC234-16CE-43B3-8749-E599ED4DCD11}
		{796992B0-E294-4F58-9E2C-07EB64E659DA} = {78DBC234-16CE-43B3-8749-E599ED4DCD11}
		{6E7440FD-2785-493C-A67A-80AF25BE3357} = {78DBC234-16CE-43B3-8749-E599ED4DCD11}
		{81DEDA20-6C31-42AD-825F-40853C542DF3} = {78DBC234-16CE-43B3-8749-E599ED4DCD11}
		{7710B2BD-20D6-46AF-A30C-D18B3043AD7C} = {BB2FEE07-4DBA-44A1-8AC8-810F5117DC15}
	EndGlobalSection
EndGlobal
